// !$*UTF8*$!
{
	archiveVersion = 1;
	classes = {
	};
	objectVersion = 56;
	objects = {

/* Begin PBXBuildFile section */
		CECC624A29699A4500BECC49 /* AppDelegate.swift in Sources */ = {isa = PBXBuildFile; fileRef = CECC624929699A4500BECC49 /* AppDelegate.swift */; };
		CECC624C29699A4500BECC49 /* SceneDelegate.swift in Sources */ = {isa = PBXBuildFile; fileRef = CECC624B29699A4500BECC49 /* SceneDelegate.swift */; };
		CECC624E29699A4500BECC49 /* ViewController.swift in Sources */ = {isa = PBXBuildFile; fileRef = CECC624D29699A4500BECC49 /* ViewController.swift */; };
		CECC625129699A4500BECC49 /* Main.storyboard in Resources */ = {isa = PBXBuildFile; fileRef = CECC624F29699A4500BECC49 /* Main.storyboard */; };
		CECC625329699A4600BECC49 /* Assets.xcassets in Resources */ = {isa = PBXBuildFile; fileRef = CECC625229699A4600BECC49 /* Assets.xcassets */; };
		CECC625629699A4600BECC49 /* LaunchScreen.storyboard in Resources */ = {isa = PBXBuildFile; fileRef = CECC625429699A4600BECC49 /* LaunchScreen.storyboard */; };
		CECC6260296DCEF100BECC49 /* imageCell.swift in Sources */ = {isa = PBXBuildFile; fileRef = CECC625F296DCEF100BECC49 /* imageCell.swift */; };
		CECC6262296ED5A000BECC49 /* Youtube.swift in Sources */ = {isa = PBXBuildFile; fileRef = CECC6261296ED5A000BECC49 /* Youtube.swift */; };
		CECC6264296ED63000BECC49 /* Shorts.swift in Sources */ = {isa = PBXBuildFile; fileRef = CECC6263296ED63000BECC49 /* Shorts.swift */; };
		CECC6268296EDE4D00BECC49 /* ShortsCollectionViewCell.swift in Sources */ = {isa = PBXBuildFile; fileRef = CECC6267296EDE4D00BECC49 /* ShortsCollectionViewCell.swift */; };
		CECC626C296EDF2C00BECC49 /* YouTubeCell.swift in Sources */ = {isa = PBXBuildFile; fileRef = CECC626B296EDF2C00BECC49 /* YouTubeCell.swift */; };
/* End PBXBuildFile section */

/* Begin PBXFileReference section */
		CECC624629699A4500BECC49 /* 3rdM5thLesson.app */ = {isa = PBXFileReference; explicitFileType = wrapper.application; includeInIndex = 0; path = 3rdM5thLesson.app; sourceTree = BUILT_PRODUCTS_DIR; };
		CECC624929699A4500BECC49 /* AppDelegate.swift */ = {isa = PBXFileReference; lastKnownFileType = sourcecode.swift; path = AppDelegate.swift; sourceTree = "<group>"; };
		CECC624B29699A4500BECC49 /* SceneDelegate.swift */ = {isa = PBXFileReference; lastKnownFileType = sourcecode.swift; path = SceneDelegate.swift; sourceTree = "<group>"; };
		CECC624D29699A4500BECC49 /* ViewController.swift */ = {isa = PBXFileReference; lastKnownFileType = sourcecode.swift; path = ViewController.swift; sourceTree = "<group>"; };
		CECC625029699A4500BECC49 /* Base */ = {isa = PBXFileReference; lastKnownFileType = file.storyboard; name = Base; path = Base.lproj/Main.storyboard; sourceTree = "<group>"; };
		CECC625229699A4600BECC49 /* Assets.xcassets */ = {isa = PBXFileReference; lastKnownFileType = folder.assetcatalog; path = Assets.xcassets; sourceTree = "<group>"; };
		CECC625529699A4600BECC49 /* Base */ = {isa = PBXFileReference; lastKnownFileType = file.storyboard; name = Base; path = Base.lproj/LaunchScreen.storyboard; sourceTree = "<group>"; };
		CECC625729699A4600BECC49 /* Info.plist */ = {isa = PBXFileReference; lastKnownFileType = text.plist.xml; path = Info.plist; sourceTree = "<group>"; };
		CECC625F296DCEF100BECC49 /* imageCell.swift */ = {isa = PBXFileReference; lastKnownFileType = sourcecode.swift; path = imageCell.swift; sourceTree = "<group>"; };
		CECC6261296ED5A000BECC49 /* Youtube.swift */ = {isa = PBXFileReference; lastKnownFileType = sourcecode.swift; path = Youtube.swift; sourceTree = "<group>"; };
		CECC6263296ED63000BECC49 /* Shorts.swift */ = {isa = PBXFileReference; lastKnownFileType = sourcecode.swift; path = Shorts.swift; sourceTree = "<group>"; };
		CECC6267296EDE4D00BECC49 /* ShortsCollectionViewCell.swift */ = {isa = PBXFileReference; lastKnownFileType = sourcecode.swift; path = ShortsCollectionViewCell.swift; sourceTree = "<group>"; };
		CECC626B296EDF2C00BECC49 /* YouTubeCell.swift */ = {isa = PBXFileReference; lastKnownFileType = sourcecode.swift; path = YouTubeCell.swift; sourceTree = "<group>"; };
/* End PBXFileReference section */

/* Begin PBXFrameworksBuildPhase section */
		CECC624329699A4500BECC49 /* Frameworks */ = {
			isa = PBXFrameworksBuildPhase;
			buildActionMask = 2147483647;
			files = (
			);
			runOnlyForDeploymentPostprocessing = 0;
		};
/* End PBXFrameworksBuildPhase section */

/* Begin PBXGroup section */
		CECC623D29699A4500BECC49 = {
			isa = PBXGroup;
			children = (
				CECC624829699A4500BECC49 /* 3rdM5thLesson */,
				CECC624729699A4500BECC49 /* Products */,
			);
			sourceTree = "<group>";
		};
		CECC624729699A4500BECC49 /* Products */ = {
			isa = PBXGroup;
			children = (
				CECC624629699A4500BECC49 /* 3rdM5thLesson.app */,
			);
			name = Products;
			sourceTree = "<group>";
		};
		CECC624829699A4500BECC49 /* 3rdM5thLesson */ = {
			isa = PBXGroup;
			children = (
				CECC624929699A4500BECC49 /* AppDelegate.swift */,
				CECC624B29699A4500BECC49 /* SceneDelegate.swift */,
				CECC624D29699A4500BECC49 /* ViewController.swift */,
				CECC624F29699A4500BECC49 /* Main.storyboard */,
				CECC625229699A4600BECC49 /* Assets.xcassets */,
				CECC625429699A4600BECC49 /* LaunchScreen.storyboard */,
				CECC625729699A4600BECC49 /* Info.plist */,
				CECC625F296DCEF100BECC49 /* imageCell.swift */,
				CECC6261296ED5A000BECC49 /* Youtube.swift */,
				CECC6263296ED63000BECC49 /* Shorts.swift */,
				CECC6267296EDE4D00BECC49 /* ShortsCollectionViewCell.swift */,
				CECC626B296EDF2C00BECC49 /* YouTubeCell.swift */,
			);
			path = 3rdM5thLesson;
			sourceTree = "<group>";
		};
/* End PBXGroup section */

/* Begin PBXNativeTarget section */
		CECC624529699A4500BECC49 /* 3rdM5thLesson */ = {
			isa = PBXNativeTarget;
			buildConfigurationList = CECC625A29699A4600BECC49 /* Build configuration list for PBXNativeTarget "3rdM5thLesson" */;
			buildPhases = (
				CECC624229699A4500BECC49 /* Sources */,
				CECC624329699A4500BECC49 /* Frameworks */,
				CECC624429699A4500BECC49 /* Resources */,
			);
			buildRules = (
			);
			dependencies = (
			);
			name = 3rdM5thLesson;
			productName = 3rdM5thLesson;
			productReference = CECC624629699A4500BECC49 /* 3rdM5thLesson.app */;
			productType = "com.apple.product-type.application";
		};
/* End PBXNativeTarget section */

/* Begin PBXProject section */
		CECC623E29699A4500BECC49 /* Project object */ = {
			isa = PBXProject;
			attributes = {
				BuildIndependentTargetsInParallel = 1;
				LastSwiftUpdateCheck = 1410;
				LastUpgradeCheck = 1410;
				TargetAttributes = {
					CECC624529699A4500BECC49 = {
						CreatedOnToolsVersion = 14.1;
					};
				};
			};
			buildConfigurationList = CECC624129699A4500BECC49 /* Build configuration list for PBXProject "3rdM5thLesson" */;
			compatibilityVersion = "Xcode 14.0";
			developmentRegion = en;
			hasScannedForEncodings = 0;
			knownRegions = (
				en,
				Base,
			);
			mainGroup = CECC623D29699A4500BECC49;
			productRefGroup = CECC624729699A4500BECC49 /* Products */;
			projectDirPath = "";
			projectRoot = "";
			targets = (
				CECC624529699A4500BECC49 /* 3rdM5thLesson */,
			);
		};
/* End PBXProject section */

/* Begin PBXResourcesBuildPhase section */
		CECC624429699A4500BECC49 /* Resources */ = {
			isa = PBXResourcesBuildPhase;
			buildActionMask = 2147483647;
			files = (
				CECC625629699A4600BECC49 /* LaunchScreen.storyboard in Resources */,
				CECC625329699A4600BECC49 /* Assets.xcassets in Resources */,
				CECC625129699A4500BECC49 /* Main.storyboard in Resources */,
			);
			runOnlyForDeploymentPostprocessing = 0;
		};
/* End PBXResourcesBuildPhase section */

/* Begin PBXSourcesBuildPhase section */
		CECC624229699A4500BECC49 /* Sources */ = {
			isa = PBXSourcesBuildPhase;
			buildActionMask = 2147483647;
			files = (
				CECC6264296ED63000BECC49 /* Shorts.swift in Sources */,
				CECC626C296EDF2C00BECC49 /* YouTubeCell.swift in Sources */,
				CECC624E29699A4500BECC49 /* ViewController.swift in Sources */,
				CECC6260296DCEF100BECC49 /* imageCell.swift in Sources */,
				CECC6268296EDE4D00BECC49 /* ShortsCollectionViewCell.swift in Sources */,
				CECC6262296ED5A000BECC49 /* Youtube.swift in Sources */,
				CECC624A29699A4500BECC49 /* AppDelegate.swift in Sources */,
				CECC624C29699A4500BECC49 /* SceneDelegate.swift in Sources */,
			);
			runOnlyForDeploymentPostprocessing = 0;
		};
/* End PBXSourcesBuildPhase section */

/* Begin PBXVariantGroup section */
		CECC624F29699A4500BECC49 /* Main.storyboard */ = {
			isa = PBXVariantGroup;
			children = (
				CECC625029699A4500BECC49 /* Base */,
			);
			name = Main.storyboard;
			sourceTree = "<group>";
		};
		CECC625429699A4600BECC49 /* LaunchScreen.storyboard */ = {
			isa = PBXVariantGroup;
			children = (
				CECC625529699A4600BECC49 /* Base */,
			);
			name = LaunchScreen.storyboard;
			sourceTree = "<group>";
		};
/* End PBXVariantGroup section */

/* Begin XCBuildConfiguration section */
		CECC625829699A4600BECC49 /* Debug */ = {
			isa = XCBuildConfiguration;
			buildSettings = {
				ALWAYS_SEARCH_USER_PATHS = NO;
				CLANG_ANALYZER_NONNULL = YES;
				CLANG_ANALYZER_NUMBER_OBJECT_CONVERSION = YES_AGGRESSIVE;
				CLANG_CXX_LANGUAGE_STANDARD = "gnu++20";
				CLANG_ENABLE_MODULES = YES;
				CLANG_ENABLE_OBJC_ARC = YES;
				CLANG_ENABLE_OBJC_WEAK = YES;
				CLANG_WARN_BLOCK_CAPTURE_AUTORELEASING = YES;
				CLANG_WARN_BOOL_CONVERSION = YES;
				CLANG_WARN_COMMA = YES;
				CLANG_WARN_CONSTANT_CONVERSION = YES;
				CLANG_WARN_DEPRECATED_OBJC_IMPLEMENTATIONS = YES;
				CLANG_WARN_DIRECT_OBJC_ISA_USAGE = YES_ERROR;
				CLANG_WARN_DOCUMENTATION_COMMENTS = YES;
				CLANG_WARN_EMPTY_BODY = YES;
				CLANG_WARN_ENUM_CONVERSION = YES;
				CLANG_WARN_INFINITE_RECURSION = YES;
				CLANG_WARN_INT_CONVERSION = YES;
				CLANG_WARN_NON_LITERAL_NULL_CONVERSION = YES;
				CLANG_WARN_OBJC_IMPLICIT_RETAIN_SELF = YES;
				CLANG_WARN_OBJC_LITERAL_CONVERSION = YES;
				CLANG_WARN_OBJC_ROOT_CLASS = YES_ERROR;
				CLANG_WARN_QUOTED_INCLUDE_IN_FRAMEWORK_HEADER = YES;
				CLANG_WARN_RANGE_LOOP_ANALYSIS = YES;
				CLANG_WARN_STRICT_PROTOTYPES = YES;
				CLANG_WARN_SUSPICIOUS_MOVE = YES;
				CLANG_WARN_UNGUARDED_AVAILABILITY = YES_AGGRESSIVE;
				CLANG_WARN_UNREACHABLE_CODE = YES;
				CLANG_WARN__DUPLICATE_METHOD_MATCH = YES;
				COPY_PHASE_STRIP = NO;
				DEBUG_INFORMATION_FORMAT = dwarf;
				ENABLE_STRICT_OBJC_MSGSEND = YES;
				ENABLE_TESTABILITY = YES;
				GCC_C_LANGUAGE_STANDARD = gnu11;
				GCC_DYNAMIC_NO_PIC = NO;
				GCC_NO_COMMON_BLOCKS = YES;
				GCC_OPTIMIZATION_LEVEL = 0;
				GCC_PREPROCESSOR_DEFINITIONS = (
					"DEBUG=1",
					"$(inherited)",
				);
				GCC_WARN_64_TO_32_BIT_CONVERSION = YES;
				GCC_WARN_ABOUT_RETURN_TYPE = YES_ERROR;
				GCC_WARN_UNDECLARED_SELECTOR = YES;
				GCC_WARN_UNINITIALIZED_AUTOS = YES_AGGRESSIVE;
				GCC_WARN_UNUSED_FUNCTION = YES;
				GCC_WARN_UNUSED_VARIABLE = YES;
				IPHONEOS_DEPLOYMENT_TARGET = 16.1;
				MTL_ENABLE_DEBUG_INFO = INCLUDE_SOURCE;
				MTL_FAST_MATH = YES;
				ONLY_ACTIVE_ARCH = YES;
				SDKROOT = iphoneos;
				SWIFT_ACTIVE_COMPILATION_CONDITIONS = DEBUG;
				SWIFT_OPTIMIZATION_LEVEL = "-Onone";
			};
			name = Debug;
		};
		CECC625929699A4600BECC49 /* Release */ = {
			isa = XCBuildConfiguration;
			buildSettings = {
				ALWAYS_SEARCH_USER_PATHS = NO;
				CLANG_ANALYZER_NONNULL = YES;
				CLANG_ANALYZER_NUMBER_OBJECT_CONVERSION = YES_AGGRESSIVE;
				CLANG_CXX_LANGUAGE_STANDARD = "gnu++20";
				CLANG_ENABLE_MODULES = YES;
				CLANG_ENABLE_OBJC_ARC = YES;
				CLANG_ENABLE_OBJC_WEAK = YES;
				CLANG_WARN_BLOCK_CAPTURE_AUTORELEASING = YES;
				CLANG_WARN_BOOL_CONVERSION = YES;
				CLANG_WARN_COMMA = YES;
				CLANG_WARN_CONSTANT_CONVERSION = YES;
				CLANG_WARN_DEPRECATED_OBJC_IMPLEMENTATIONS = YES;
				CLANG_WARN_DIRECT_OBJC_ISA_USAGE = YES_ERROR;
				CLANG_WARN_DOCUMENTATION_COMMENTS = YES;
				CLANG_WARN_EMPTY_BODY = YES;
				CLANG_WARN_ENUM_CONVERSION = YES;
				CLANG_WARN_INFINITE_RECURSION = YES;
				CLANG_WARN_INT_CONVERSION = YES;
				CLANG_WARN_NON_LITERAL_NULL_CONVERSION = YES;
				CLANG_WARN_OBJC_IMPLICIT_RETAIN_SELF = YES;
				CLANG_WARN_OBJC_LITERAL_CONVERSION = YES;
				CLANG_WARN_OBJC_ROOT_CLASS = YES_ERROR;
				CLANG_WARN_QUOTED_INCLUDE_IN_FRAMEWORK_HEADER = YES;
				CLANG_WARN_RANGE_LOOP_ANALYSIS = YES;
				CLANG_WARN_STRICT_PROTOTYPES = YES;
				CLANG_WARN_SUSPICIOUS_MOVE = YES;
				CLANG_WARN_UNGUARDED_AVAILABILITY = YES_AGGRESSIVE;
				CLANG_WARN_UNREACHABLE_CODE = YES;
				CLANG_WARN__DUPLICATE_METHOD_MATCH = YES;
				COPY_PHASE_STRIP = NO;
				DEBUG_INFORMATION_FORMAT = "dwarf-with-dsym";
				ENABLE_NS_ASSERTIONS = NO;
				ENABLE_STRICT_OBJC_MSGSEND = YES;
				GCC_C_LANGUAGE_STANDARD = gnu11;
				GCC_NO_COMMON_BLOCKS = YES;
				GCC_WARN_64_TO_32_BIT_CONVERSION = YES;
				GCC_WARN_ABOUT_RETURN_TYPE = YES_ERROR;
				GCC_WARN_UNDECLARED_SELECTOR = YES;
				GCC_WARN_UNINITIALIZED_AUTOS = YES_AGGRESSIVE;
				GCC_WARN_UNUSED_FUNCTION = YES;
				GCC_WARN_UNUSED_VARIABLE = YES;
				IPHONEOS_DEPLOYMENT_TARGET = 16.1;
				MTL_ENABLE_DEBUG_INFO = NO;
				MTL_FAST_MATH = YES;
				SDKROOT = iphoneos;
				SWIFT_COMPILATION_MODE = wholemodule;
				SWIFT_OPTIMIZATION_LEVEL = "-O";
				VALIDATE_PRODUCT = YES;
			};
			name = Release;
		};
		CECC625B29699A4600BECC49 /* Debug */ = {
			isa = XCBuildConfiguration;
			buildSettings = {
				ASSETCATALOG_COMPILER_APPICON_NAME = AppIcon;
				ASSETCATALOG_COMPILER_GLOBAL_ACCENT_COLOR_NAME = AccentColor;
				CODE_SIGN_STYLE = Automatic;
				CURRENT_PROJECT_VERSION = 1;
				DEVELOPMENT_TEAM = FT4CC665US;
				GENERATE_INFOPLIST_FILE = YES;
				INFOPLIST_FILE = 3rdM5thLesson/Info.plist;
				INFOPLIST_KEY_UIApplicationSupportsIndirectInputEvents = YES;
				INFOPLIST_KEY_UILaunchStoryboardName = LaunchScreen;
				INFOPLIST_KEY_UIMainStoryboardFile = Main;
				INFOPLIST_KEY_UISupportedInterfaceOrientations_iPad = "UIInterfaceOrientationPortrait UIInterfaceOrientationPortraitUpsideDown UIInterfaceOrientationLandscapeLeft UIInterfaceOrientationLandscapeRight";
				INFOPLIST_KEY_UISupportedInterfaceOrientations_iPhone = "UIInterfaceOrientationPortrait UIInterfaceOrientationLandscapeLeft UIInterfaceOrientationLandscapeRight";
				LD_RUNPATH_SEARCH_PATHS = (
					"$(inherited)",
					"@executable_path/Frameworks",
				);
				MARKETING_VERSION = 1.0;
				PRODUCT_BUNDLE_IDENTIFIER = "Arknahon.-rdM5thLesson";
				PRODUCT_NAME = "$(TARGET_NAME)";
				SUPPORTED_PLATFORMS = "iphoneos iphonesimulator";
				SUPPORTS_MACCATALYST = NO;
				SUPPORTS_MAC_DESIGNED_FOR_IPHONE_IPAD = NO;
				SWIFT_EMIT_LOC_STRINGS = YES;
				SWIFT_VERSION = 5.0;
				TARGETED_DEVICE_FAMILY = "1,2";
			};
			name = Debug;
		};
		CECC625C29699A4600BECC49 /* Release */ = {
			isa = XCBuildConfiguration;
			buildSettings = {
				ASSETCATALOG_COMPILER_APPICON_NAME = AppIcon;
				ASSETCATALOG_COMPILER_GLOBAL_ACCENT_COLOR_NAME = AccentColor;
				CODE_SIGN_STYLE = Automatic;
				CURRENT_PROJECT_VERSION = 1;
				DEVELOPMENT_TEAM = FT4CC665US;
				GENERATE_INFOPLIST_FILE = YES;
				INFOPLIST_FILE = 3rdM5thLesson/Info.plist;
				INFOPLIST_KEY_UIApplicationSupportsIndirectInputEvents = YES;
				INFOPLIST_KEY_UILaunchStoryboardName = LaunchScreen;
				INFOPLIST_KEY_UIMainStoryboardFile = Main;
				INFOPLIST_KEY_UISupportedInterfaceOrientations_iPad = "UIInterfaceOrientationPortrait UIInterfaceOrientationPortraitUpsideDown UIInterfaceOrientationLandscapeLeft UIInterfaceOrientationLandscapeRight";
				INFOPLIST_KEY_UISupportedInterfaceOrientations_iPhone = "UIInterfaceOrientationPortrait UIInterfaceOrientationLandscapeLeft UIInterfaceOrientationLandscapeRight";
				LD_RUNPATH_SEARCH_PATHS = (
					"$(inherited)",
					"@executable_path/Frameworks",
				);
				MARKETING_VERSION = 1.0;
				PRODUCT_BUNDLE_IDENTIFIER = "Arknahon.-rdM5thLesson";
				PRODUCT_NAME = "$(TARGET_NAME)";
				SUPPORTED_PLATFORMS = "iphoneos iphonesimulator";
				SUPPORTS_MACCATALYST = NO;
				SUPPORTS_MAC_DESIGNED_FOR_IPHONE_IPAD = NO;
				SWIFT_EMIT_LOC_STRINGS = YES;
				SWIFT_VERSION = 5.0;
				TARGETED_DEVICE_FAMILY = "1,2";
			};
			name = Release;
		};
/* End XCBuildConfiguration section */

/* Begin XCConfigurationList section */
		CECC624129699A4500BECC49 /* Build configuration list for PBXProject "3rdM5thLesson" */ = {
			isa = XCConfigurationList;
			buildConfigurations = (
				CECC625829699A4600BECC49 /* Debug */,
				CECC625929699A4600BECC49 /* Release */,
			);
			defaultConfigurationIsVisible = 0;
			defaultConfigurationName = Release;
		};
		CECC625A29699A4600BECC49 /* Build configuration list for PBXNativeTarget "3rdM5thLesson" */ = {
			isa = XCConfigurationList;
			buildConfigurations = (
				CECC625B29699A4600BECC49 /* Debug */,
				CECC625C29699A4600BECC49 /* Release */,
			);
			defaultConfigurationIsVisible = 0;
			defaultConfigurationName = Release;
		};
/* End XCConfigurationList section */
	};
	rootObject = CECC623E29699A4500BECC49 /* Project object */;
}
